// !$*UTF8*$!
{
	archiveVersion = 1;
	classes = {
	};
	objectVersion = 56;
	objects = {

/* Begin PBXBuildFile section */
		3D221C292C74BC75002EA4CA /* movieCollectionViewCell.swift in Sources */ = {isa = PBXBuildFile; fileRef = 3D221C282C74BC75002EA4CA /* movieCollectionViewCell.swift */; };
		3D221C2B2C75DD64002EA4CA /* DetailViewController.swift in Sources */ = {isa = PBXBuildFile; fileRef = 3D221C2A2C75DD64002EA4CA /* DetailViewController.swift */; };
		3D221C2D2C772D48002EA4CA /* WebViewController.swift in Sources */ = {isa = PBXBuildFile; fileRef = 3D221C2C2C772D48002EA4CA /* WebViewController.swift */; };
		3D3A6F3B2C64B74C00A3DCB9 /* AppDelegate.swift in Sources */ = {isa = PBXBuildFile; fileRef = 3D3A6F3A2C64B74C00A3DCB9 /* AppDelegate.swift */; };
		3D3A6F3D2C64B74C00A3DCB9 /* SceneDelegate.swift in Sources */ = {isa = PBXBuildFile; fileRef = 3D3A6F3C2C64B74C00A3DCB9 /* SceneDelegate.swift */; };
		3D3A6F3F2C64B74C00A3DCB9 /* ViewController.swift in Sources */ = {isa = PBXBuildFile; fileRef = 3D3A6F3E2C64B74C00A3DCB9 /* ViewController.swift */; };
		3D3A6F422C64B74C00A3DCB9 /* Main.storyboard in Resources */ = {isa = PBXBuildFile; fileRef = 3D3A6F402C64B74C00A3DCB9 /* Main.storyboard */; };
		3D3A6F442C64B74D00A3DCB9 /* Assets.xcassets in Resources */ = {isa = PBXBuildFile; fileRef = 3D3A6F432C64B74D00A3DCB9 /* Assets.xcassets */; };
		3D3A6F472C64B74D00A3DCB9 /* LaunchScreen.storyboard in Resources */ = {isa = PBXBuildFile; fileRef = 3D3A6F452C64B74D00A3DCB9 /* LaunchScreen.storyboard */; };
		3D3A6F6F2C7493E800A3DCB9 /* MovieListModel.swift in Sources */ = {isa = PBXBuildFile; fileRef = 3D3A6F6E2C7493E800A3DCB9 /* MovieListModel.swift */; };
/* End PBXBuildFile section */

/* Begin PBXFileReference section */
		3D221C282C74BC75002EA4CA /* movieCollectionViewCell.swift */ = {isa = PBXFileReference; lastKnownFileType = sourcecode.swift; path = movieCollectionViewCell.swift; sourceTree = "<group>"; };
		3D221C2A2C75DD64002EA4CA /* DetailViewController.swift */ = {isa = PBXFileReference; lastKnownFileType = sourcecode.swift; path = DetailViewController.swift; sourceTree = "<group>"; };
		3D221C2C2C772D48002EA4CA /* WebViewController.swift */ = {isa = PBXFileReference; lastKnownFileType = sourcecode.swift; path = WebViewController.swift; sourceTree = "<group>"; };
		3D3A6F372C64B74C00A3DCB9 /* movieList.app */ = {isa = PBXFileReference; explicitFileType = wrapper.application; includeInIndex = 0; path = movieList.app; sourceTree = BUILT_PRODUCTS_DIR; };
		3D3A6F3A2C64B74C00A3DCB9 /* AppDelegate.swift */ = {isa = PBXFileReference; lastKnownFileType = sourcecode.swift; path = AppDelegate.swift; sourceTree = "<group>"; };
		3D3A6F3C2C64B74C00A3DCB9 /* SceneDelegate.swift */ = {isa = PBXFileReference; lastKnownFileType = sourcecode.swift; path = SceneDelegate.swift; sourceTree = "<group>"; };
		3D3A6F3E2C64B74C00A3DCB9 /* ViewController.swift */ = {isa = PBXFileReference; lastKnownFileType = sourcecode.swift; path = ViewController.swift; sourceTree = "<group>"; };
		3D3A6F412C64B74C00A3DCB9 /* Base */ = {isa = PBXFileReference; lastKnownFileType = file.storyboard; name = Base; path = Base.lproj/Main.storyboard; sourceTree = "<group>"; };
		3D3A6F432C64B74D00A3DCB9 /* Assets.xcassets */ = {isa = PBXFileReference; lastKnownFileType = folder.assetcatalog; path = Assets.xcassets; sourceTree = "<group>"; };
		3D3A6F462C64B74D00A3DCB9 /* Base */ = {isa = PBXFileReference; lastKnownFileType = file.storyboard; name = Base; path = Base.lproj/LaunchScreen.storyboard; sourceTree = "<group>"; };
		3D3A6F482C64B74D00A3DCB9 /* Info.plist */ = {isa = PBXFileReference; lastKnownFileType = text.plist.xml; path = Info.plist; sourceTree = "<group>"; };
		3D3A6F6E2C7493E800A3DCB9 /* MovieListModel.swift */ = {isa = PBXFileReference; lastKnownFileType = sourcecode.swift; path = MovieListModel.swift; sourceTree = "<group>"; };
/* End PBXFileReference section */

/* Begin PBXFrameworksBuildPhase section */
		3D3A6F342C64B74C00A3DCB9 /* Frameworks */ = {
			isa = PBXFrameworksBuildPhase;
			buildActionMask = 2147483647;
			files = (
			);
			runOnlyForDeploymentPostprocessing = 0;
		};
/* End PBXFrameworksBuildPhase section */

/* Begin PBXGroup section */
		3D3A6F2E2C64B74C00A3DCB9 = {
			isa = PBXGroup;
			children = (
				3D3A6F392C64B74C00A3DCB9 /* movieList */,
				3D3A6F382C64B74C00A3DCB9 /* Products */,
			);
			sourceTree = "<group>";
		};
		3D3A6F382C64B74C00A3DCB9 /* Products */ = {
			isa = PBXGroup;
			children = (
				3D3A6F372C64B74C00A3DCB9 /* movieList.app */,
			);
			name = Products;
			sourceTree = "<group>";
		};
		3D3A6F392C64B74C00A3DCB9 /* movieList */ = {
			isa = PBXGroup;
			children = (
				3D3A6F3A2C64B74C00A3DCB9 /* AppDelegate.swift */,
				3D3A6F3C2C64B74C00A3DCB9 /* SceneDelegate.swift */,
				3D3A6F3E2C64B74C00A3DCB9 /* ViewController.swift */,
				3D221C2A2C75DD64002EA4CA /* DetailViewController.swift */,
				3D3A6F402C64B74C00A3DCB9 /* Main.storyboard */,
				3D221C2C2C772D48002EA4CA /* WebViewController.swift */,
				3D221C282C74BC75002EA4CA /* movieCollectionViewCell.swift */,
				3D3A6F432C64B74D00A3DCB9 /* Assets.xcassets */,
				3D3A6F6E2C7493E800A3DCB9 /* MovieListModel.swift */,
				3D3A6F452C64B74D00A3DCB9 /* LaunchScreen.storyboard */,
				3D3A6F482C64B74D00A3DCB9 /* Info.plist */,
			);
			path = movieList;
			sourceTree = "<group>";
		};
/* End PBXGroup section */

/* Begin PBXNativeTarget section */
		3D3A6F362C64B74C00A3DCB9 /* movieList */ = {
			isa = PBXNativeTarget;
			buildConfigurationList = 3D3A6F4B2C64B74D00A3DCB9 /* Build configuration list for PBXNativeTarget "movieList" */;
			buildPhases = (
				3D3A6F332C64B74C00A3DCB9 /* Sources */,
				3D3A6F342C64B74C00A3DCB9 /* Frameworks */,
				3D3A6F352C64B74C00A3DCB9 /* Resources */,
			);
			buildRules = (
			);
			dependencies = (
			);
			name = movieList;
			productName = movieList;
			productReference = 3D3A6F372C64B74C00A3DCB9 /* movieList.app */;
			productType = "com.apple.product-type.application";
		};
/* End PBXNativeTarget section */

/* Begin PBXProject section */
		3D3A6F2F2C64B74C00A3DCB9 /* Project object */ = {
			isa = PBXProject;
			attributes = {
				BuildIndependentTargetsInParallel = 1;
				LastSwiftUpdateCheck = 1420;
				LastUpgradeCheck = 1420;
				TargetAttributes = {
					3D3A6F362C64B74C00A3DCB9 = {
						CreatedOnToolsVersion = 14.2;
					};
				};
			};
			buildConfigurationList = 3D3A6F322C64B74C00A3DCB9 /* Build configuration list for PBXProject "movieList" */;
			compatibilityVersion = "Xcode 14.0";
			developmentRegion = en;
			hasScannedForEncodings = 0;
			knownRegions = (
				en,
				Base,
			);
			mainGroup = 3D3A6F2E2C64B74C00A3DCB9;
			productRefGroup = 3D3A6F382C64B74C00A3DCB9 /* Products */;
			projectDirPath = "";
			projectRoot = "";
			targets = (
				3D3A6F362C64B74C00A3DCB9 /* movieList */,
			);
		};
/* End PBXProject section */

/* Begin PBXResourcesBuildPhase section */
		3D3A6F352C64B74C00A3DCB9 /* Resources */ = {
			isa = PBXResourcesBuildPhase;
			buildActionMask = 2147483647;
			files = (
				3D3A6F472C64B74D00A3DCB9 /* LaunchScreen.storyboard in Resources */,
				3D3A6F442C64B74D00A3DCB9 /* Assets.xcassets in Resources */,
				3D3A6F422C64B74C00A3DCB9 /* Main.storyboard in Resources */,
			);
			runOnlyForDeploymentPostprocessing = 0;
		};
/* End PBXResourcesBuildPhase section */

/* Begin PBXSourcesBuildPhase section */
		3D3A6F332C64B74C00A3DCB9 /* Sources */ = {
			isa = PBXSourcesBuildPhase;
			buildActionMask = 2147483647;
			files = (
				3D3A6F6F2C7493E800A3DCB9 /* MovieListModel.swift in Sources */,
				3D3A6F3F2C64B74C00A3DCB9 /* ViewController.swift in Sources */,
				3D3A6F3B2C64B74C00A3DCB9 /* AppDelegate.swift in Sources */,
				3D221C2B2C75DD64002EA4CA /* DetailViewController.swift in Sources */,
				3D221C2D2C772D48002EA4CA /* WebViewController.swift in Sources */,
				3D3A6F3D2C64B74C00A3DCB9 /* SceneDelegate.swift in Sources */,
				3D221C292C74BC75002EA4CA /* movieCollectionViewCell.swift in Sources */,
			);
			runOnlyForDeploymentPostprocessing = 0;
		};
/* End PBXSourcesBuildPhase section */

/* Begin PBXVariantGroup section */
		3D3A6F402C64B74C00A3DCB9 /* Main.storyboard */ = {
			isa = PBXVariantGroup;
			children = (
				3D3A6F412C64B74C00A3DCB9 /* Base */,
			);
			name = Main.storyboard;
			sourceTree = "<group>";
		};
		3D3A6F452C64B74D00A3DCB9 /* LaunchScreen.storyboard */ = {
			isa = PBXVariantGroup;
			children = (
				3D3A6F462C64B74D00A3DCB9 /* Base */,
			);
			name = LaunchScreen.storyboard;
			sourceTree = "<group>";
		};
/* End PBXVariantGroup section */

/* Begin XCBuildConfiguration section */
		3D3A6F492C64B74D00A3DCB9 /* Debug */ = {
			isa = XCBuildConfiguration;
			buildSettings = {
				ALWAYS_SEARCH_USER_PATHS = NO;
				CLANG_ANALYZER_NONNULL = YES;
				CLANG_ANALYZER_NUMBER_OBJECT_CONVERSION = YES_AGGRESSIVE;
				CLANG_CXX_LANGUAGE_STANDARD = "gnu++20";
				CLANG_ENABLE_MODULES = YES;
				CLANG_ENABLE_OBJC_ARC = YES;
				CLANG_ENABLE_OBJC_WEAK = YES;
				CLANG_WARN_BLOCK_CAPTURE_AUTORELEASING = YES;
				CLANG_WARN_BOOL_CONVERSION = YES;
				CLANG_WARN_COMMA = YES;
				CLANG_WARN_CONSTANT_CONVERSION = YES;
				CLANG_WARN_DEPRECATED_OBJC_IMPLEMENTATIONS = YES;
				CLANG_WARN_DIRECT_OBJC_ISA_USAGE = YES_ERROR;
				CLANG_WARN_DOCUMENTATION_COMMENTS = YES;
				CLANG_WARN_EMPTY_BODY = YES;
				CLANG_WARN_ENUM_CONVERSION = YES;
				CLANG_WARN_INFINITE_RECURSION = YES;
				CLANG_WARN_INT_CONVERSION = YES;
				CLANG_WARN_NON_LITERAL_NULL_CONVERSION = YES;
				CLANG_WARN_OBJC_IMPLICIT_RETAIN_SELF = YES;
				CLANG_WARN_OBJC_LITERAL_CONVERSION = YES;
				CLANG_WARN_OBJC_ROOT_CLASS = YES_ERROR;
				CLANG_WARN_QUOTED_INCLUDE_IN_FRAMEWORK_HEADER = YES;
				CLANG_WARN_RANGE_LOOP_ANALYSIS = YES;
				CLANG_WARN_STRICT_PROTOTYPES = YES;
				CLANG_WARN_SUSPICIOUS_MOVE = YES;
				CLANG_WARN_UNGUARDED_AVAILABILITY = YES_AGGRESSIVE;
				CLANG_WARN_UNREACHABLE_CODE = YES;
				CLANG_WARN__DUPLICATE_METHOD_MATCH = YES;
				COPY_PHASE_STRIP = NO;
				DEBUG_INFORMATION_FORMAT = dwarf;
				ENABLE_STRICT_OBJC_MSGSEND = YES;
				ENABLE_TESTABILITY = YES;
				GCC_C_LANGUAGE_STANDARD = gnu11;
				GCC_DYNAMIC_NO_PIC = NO;
				GCC_NO_COMMON_BLOCKS = YES;
				GCC_OPTIMIZATION_LEVEL = 0;
				GCC_PREPROCESSOR_DEFINITIONS = (
					"DEBUG=1",
					"$(inherited)",
				);
				GCC_WARN_64_TO_32_BIT_CONVERSION = YES;
				GCC_WARN_ABOUT_RETURN_TYPE = YES_ERROR;
				GCC_WARN_UNDECLARED_SELECTOR = YES;
				GCC_WARN_UNINITIALIZED_AUTOS = YES_AGGRESSIVE;
				GCC_WARN_UNUSED_FUNCTION = YES;
				GCC_WARN_UNUSED_VARIABLE = YES;
				IPHONEOS_DEPLOYMENT_TARGET = 16.2;
				MTL_ENABLE_DEBUG_INFO = INCLUDE_SOURCE;
				MTL_FAST_MATH = YES;
				ONLY_ACTIVE_ARCH = YES;
				SDKROOT = iphoneos;
				SWIFT_ACTIVE_COMPILATION_CONDITIONS = DEBUG;
				SWIFT_OPTIMIZATION_LEVEL = "-Onone";
			};
			name = Debug;
		};
		3D3A6F4A2C64B74D00A3DCB9 /* Release */ = {
			isa = XCBuildConfiguration;
			buildSettings = {
				ALWAYS_SEARCH_USER_PATHS = NO;
				CLANG_ANALYZER_NONNULL = YES;
				CLANG_ANALYZER_NUMBER_OBJECT_CONVERSION = YES_AGGRESSIVE;
				CLANG_CXX_LANGUAGE_STANDARD = "gnu++20";
				CLANG_ENABLE_MODULES = YES;
				CLANG_ENABLE_OBJC_ARC = YES;
				CLANG_ENABLE_OBJC_WEAK = YES;
				CLANG_WARN_BLOCK_CAPTURE_AUTORELEASING = YES;
				CLANG_WARN_BOOL_CONVERSION = YES;
				CLANG_WARN_COMMA = YES;
				CLANG_WARN_CONSTANT_CONVERSION = YES;
				CLANG_WARN_DEPRECATED_OBJC_IMPLEMENTATIONS = YES;
				CLANG_WARN_DIRECT_OBJC_ISA_USAGE = YES_ERROR;
				CLANG_WARN_DOCUMENTATION_COMMENTS = YES;
				CLANG_WARN_EMPTY_BODY = YES;
				CLANG_WARN_ENUM_CONVERSION = YES;
				CLANG_WARN_INFINITE_RECURSION = YES;
				CLANG_WARN_INT_CONVERSION = YES;
				CLANG_WARN_NON_LITERAL_NULL_CONVERSION = YES;
				CLANG_WARN_OBJC_IMPLICIT_RETAIN_SELF = YES;
				CLANG_WARN_OBJC_LITERAL_CONVERSION = YES;
				CLANG_WARN_OBJC_ROOT_CLASS = YES_ERROR;
				CLANG_WARN_QUOTED_INCLUDE_IN_FRAMEWORK_HEADER = YES;
				CLANG_WARN_RANGE_LOOP_ANALYSIS = YES;
				CLANG_WARN_STRICT_PROTOTYPES = YES;
				CLANG_WARN_SUSPICIOUS_MOVE = YES;
				CLANG_WARN_UNGUARDED_AVAILABILITY = YES_AGGRESSIVE;
				CLANG_WARN_UNREACHABLE_CODE = YES;
				CLANG_WARN__DUPLICATE_METHOD_MATCH = YES;
				COPY_PHASE_STRIP = NO;
				DEBUG_INFORMATION_FORMAT = "dwarf-with-dsym";
				ENABLE_NS_ASSERTIONS = NO;
				ENABLE_STRICT_OBJC_MSGSEND = YES;
				GCC_C_LANGUAGE_STANDARD = gnu11;
				GCC_NO_COMMON_BLOCKS = YES;
				GCC_WARN_64_TO_32_BIT_CONVERSION = YES;
				GCC_WARN_ABOUT_RETURN_TYPE = YES_ERROR;
				GCC_WARN_UNDECLARED_SELECTOR = YES;
				GCC_WARN_UNINITIALIZED_AUTOS = YES_AGGRESSIVE;
				GCC_WARN_UNUSED_FUNCTION = YES;
				GCC_WARN_UNUSED_VARIABLE = YES;
				IPHONEOS_DEPLOYMENT_TARGET = 16.2;
				MTL_ENABLE_DEBUG_INFO = NO;
				MTL_FAST_MATH = YES;
				SDKROOT = iphoneos;
				SWIFT_COMPILATION_MODE = wholemodule;
				SWIFT_OPTIMIZATION_LEVEL = "-O";
				VALIDATE_PRODUCT = YES;
			};
			name = Release;
		};
		3D3A6F4C2C64B74D00A3DCB9 /* Debug */ = {
			isa = XCBuildConfiguration;
			buildSettings = {
				ASSETCATALOG_COMPILER_APPICON_NAME = AppIcon;
				ASSETCATALOG_COMPILER_GLOBAL_ACCENT_COLOR_NAME = AccentColor;
				CODE_SIGN_STYLE = Automatic;
				CURRENT_PROJECT_VERSION = 1;
				GENERATE_INFOPLIST_FILE = YES;
				INFOPLIST_FILE = movieList/Info.plist;
				INFOPLIST_KEY_UIApplicationSupportsIndirectInputEvents = YES;
				INFOPLIST_KEY_UILaunchStoryboardName = LaunchScreen;
				INFOPLIST_KEY_UIMainStoryboardFile = Main;
				INFOPLIST_KEY_UISupportedInterfaceOrientations_iPad = "UIInterfaceOrientationPortrait UIInterfaceOrientationPortraitUpsideDown UIInterfaceOrientationLandscapeLeft UIInterfaceOrientationLandscapeRight";
				INFOPLIST_KEY_UISupportedInterfaceOrientations_iPhone = "UIInterfaceOrientationPortrait UIInterfaceOrientationLandscapeLeft UIInterfaceOrientationLandscapeRight";
				LD_RUNPATH_SEARCH_PATHS = (
					"$(inherited)",
					"@executable_path/Frameworks",
				);
				MARKETING_VERSION = 1.0;
				PRODUCT_BUNDLE_IDENTIFIER = com.ktp.swiftClass.movieList;
				PRODUCT_NAME = "$(TARGET_NAME)";
				SWIFT_EMIT_LOC_STRINGS = YES;
				SWIFT_VERSION = 5.0;
				TARGETED_DEVICE_FAMILY = "1,2";
			};
			name = Debug;
		};
		3D3A6F4D2C64B74D00A3DCB9 /* Release */ = {
			isa = XCBuildConfiguration;
			buildSettings = {
				ASSETCATALOG_COMPILER_APPICON_NAME = AppIcon;
				ASSETCATALOG_COMPILER_GLOBAL_ACCENT_COLOR_NAME = AccentColor;
				CODE_SIGN_STYLE = Automatic;
				CURRENT_PROJECT_VERSION = 1;
				GENERATE_INFOPLIST_FILE = YES;
				INFOPLIST_FILE = movieList/Info.plist;
				INFOPLIST_KEY_UIApplicationSupportsIndirectInputEvents = YES;
				INFOPLIST_KEY_UILaunchStoryboardName = LaunchScreen;
				INFOPLIST_KEY_UIMainStoryboardFile = Main;
				INFOPLIST_KEY_UISupportedInterfaceOrientations_iPad = "UIInterfaceOrientationPortrait UIInterfaceOrientationPortraitUpsideDown UIInterfaceOrientationLandscapeLeft UIInterfaceOrientationLandscapeRight";
				INFOPLIST_KEY_UISupportedInterfaceOrientations_iPhone = "UIInterfaceOrientationPortrait UIInterfaceOrientationLandscapeLeft UIInterfaceOrientationLandscapeRight";
				LD_RUNPATH_SEARCH_PATHS = (
					"$(inherited)",
					"@executable_path/Frameworks",
				);
				MARKETING_VERSION = 1.0;
				PRODUCT_BUNDLE_IDENTIFIER = com.ktp.swiftClass.movieList;
				PRODUCT_NAME = "$(TARGET_NAME)";
				SWIFT_EMIT_LOC_STRINGS = YES;
				SWIFT_VERSION = 5.0;
				TARGETED_DEVICE_FAMILY = "1,2";
			};
			name = Release;
		};
/* End XCBuildConfiguration section */

/* Begin XCConfigurationList section */
		3D3A6F322C64B74C00A3DCB9 /* Build configuration list for PBXProject "movieList" */ = {
			isa = XCConfigurationList;
			buildConfigurations = (
				3D3A6F492C64B74D00A3DCB9 /* Debug */,
				3D3A6F4A2C64B74D00A3DCB9 /* Release */,
			);
			defaultConfigurationIsVisible = 0;
			defaultConfigurationName = Release;
		};
		3D3A6F4B2C64B74D00A3DCB9 /* Build configuration list for PBXNativeTarget "movieList" */ = {
			isa = XCConfigurationList;
			buildConfigurations = (
				3D3A6F4C2C64B74D00A3DCB9 /* Debug */,
				3D3A6F4D2C64B74D00A3DCB9 /* Release */,
			);
			defaultConfigurationIsVisible = 0;
			defaultConfigurationName = Release;
		};
/* End XCConfigurationList section */
	};
	rootObject = 3D3A6F2F2C64B74C00A3DCB9 /* Project object */;
}
